
Microsoft Visual Studio Solution File, Format Version 12.00
# Visual Studio 15
VisualStudioVersion = 15.0.28010.2003
MinimumVisualStudioVersion = 10.0.40219.1
Project("{FAE04EC0-301F-11D3-BF4B-00C04F79EFBC}") = "CompanyAPI", "CompanyAPI\CompanyAPI.csproj", "{182491E8-8EE2-4F41-BE37-B8EB30CCDC21}"
EndProject
Project("{FAE04EC0-301F-11D3-BF4B-00C04F79EFBC}") = "CompanyMVC", "CompanyMVC\CompanyMVC.csproj", "{6BC03959-1D04-4794-94D8-05BD7729E3FD}"
EndProject
Global
	GlobalSection(SolutionConfigurationPlatforms) = preSolution
		Debug|Any CPU = Debug|Any CPU
		Release|Any CPU = Release|Any CPU
	EndGlobalSection
	GlobalSection(ProjectConfigurationPlatforms) = postSolution
		{182491E8-8EE2-4F41-BE37-B8EB30CCDC21}.Debug|Any CPU.ActiveCfg = Debug|Any CPU
		{182491E8-8EE2-4F41-BE37-B8EB30CCDC21}.Debug|Any CPU.Build.0 = Debug|Any CPU
		{182491E8-8EE2-4F41-BE37-B8EB30CCDC21}.Release|Any CPU.ActiveCfg = Release|Any CPU
		{182491E8-8EE2-4F41-BE37-B8EB30CCDC21}.Release|Any CPU.Build.0 = Release|Any CPU
		{6BC03959-1D04-4794-94D8-05BD7729E3FD}.Debug|Any CPU.ActiveCfg = Debug|Any CPU
		{6BC03959-1D04-4794-94D8-05BD7729E3FD}.Debug|Any CPU.Build.0 = Debug|Any CPU
		{6BC03959-1D04-4794-94D8-05BD7729E3FD}.Release|Any CPU.ActiveCfg = Release|Any CPU
		{6BC03959-1D04-4794-94D8-05BD7729E3FD}.Release|Any CPU.Build.0 = Release|Any CPU
	EndGlobalSection
	GlobalSection(SolutionProperties) = preSolution
		HideSolutionNode = FALSE
	EndGlobalSection
	GlobalSection(ExtensibilityGlobals) = postSolution
		SolutionGuid = {3D6A08CD-6DE6-4C62-B620-C2BC67B0C7BF}
	EndGlobalSection
EndGlobal
